
Microsoft Visual Studio Solution File, Format Version 12.00
# Visual Studio Version 17
VisualStudioVersion = 17.9.34723.18
MinimumVisualStudioVersion = 10.0.40219.1
Project("{FAE04EC0-301F-11D3-BF4B-00C04F79EFBC}") = "RtpRestApi", "RtpRestApi\RtpRestApi.csproj", "{67290810-E492-4ABB-ACAB-9061C5BF9637}"
EndProject
Global
	GlobalSection(SolutionConfigurationPlatforms) = preSolution
		Debug|Any CPU = Debug|Any CPU
		Release|Any CPU = Release|Any CPU
	EndGlobalSection
	GlobalSection(ProjectConfigurationPlatforms) = postSolution
		{67290810-E492-4ABB-ACAB-9061C5BF9637}.Debug|Any CPU.ActiveCfg = Debug|Any CPU
		{67290810-E492-4ABB-ACAB-9061C5BF9637}.Debug|Any CPU.Build.0 = Debug|Any CPU
		{67290810-E492-4ABB-ACAB-9061C5BF9637}.Release|Any CPU.ActiveCfg = Release|Any CPU
		{67290810-E492-4ABB-ACAB-9061C5BF9637}.Release|Any CPU.Build.0 = Release|Any CPU
	EndGlobalSection
	GlobalSection(SolutionProperties) = preSolution
		HideSolutionNode = FALSE
	EndGlobalSection
	GlobalSection(ExtensibilityGlobals) = postSolution
		SolutionGuid = {FA1A2A1E-A439-46DD-BC00-DF55426F6A43}
	EndGlobalSection
EndGlobal
